
Microsoft Visual Studio Solution File, Format Version 12.00
# Visual Studio Version 16
VisualStudioVersion = 16.0.30204.135
MinimumVisualStudioVersion = 10.0.40219.1
Project("{FAE04EC0-301F-11D3-BF4B-00C04F79EFBC}") = "Activity14", "Activity14\Activity14.csproj", "{8926F9BE-5C2A-4C08-97B5-B2117DE10C87}"
EndProject
Global
	GlobalSection(SolutionConfigurationPlatforms) = preSolution
		Debug|Any CPU = Debug|Any CPU
		Release|Any CPU = Release|Any CPU
	EndGlobalSection
	GlobalSection(ProjectConfigurationPlatforms) = postSolution
		{8926F9BE-5C2A-4C08-97B5-B2117DE10C87}.Debug|Any CPU.ActiveCfg = Debug|Any CPU
		{8926F9BE-5C2A-4C08-97B5-B2117DE10C87}.Debug|Any CPU.Build.0 = Debug|Any CPU
		{8926F9BE-5C2A-4C08-97B5-B2117DE10C87}.Release|Any CPU.ActiveCfg = Release|Any CPU
		{8926F9BE-5C2A-4C08-97B5-B2117DE10C87}.Release|Any CPU.Build.0 = Release|Any CPU
	EndGlobalSection
	GlobalSection(SolutionProperties) = preSolution
		HideSolutionNode = FALSE
	EndGlobalSection
	GlobalSection(ExtensibilityGlobals) = postSolution
		SolutionGuid = {E1DD486F-F9E6-40AF-8390-56FA1C6C8801}
	EndGlobalSection
EndGlobal
